// !$*UTF8*$!
{
	archiveVersion = 1;
	classes = {
	};
	objectVersion = 51;
	objects = {

/* Begin PBXBuildFile section */
		8B37AA430CA54E9C35BF1076 /* Pods_Flix.framework in Frameworks */ = {isa = PBXBuildFile; fileRef = BEE77A1C36926B09DEC837C6 /* Pods_Flix.framework */; };
		E23ACBBC25E5F23900074220 /* MovieGridViewController.swift in Sources */ = {isa = PBXBuildFile; fileRef = E23ACBBB25E5F23900074220 /* MovieGridViewController.swift */; };
		E2CD28D025E5E951004B445C /* MovieDetailsViewController.swift in Sources */ = {isa = PBXBuildFile; fileRef = E2CD28CF25E5E951004B445C /* MovieDetailsViewController.swift */; };
		E2F56C6B25DCC17200AE3707 /* AppDelegate.swift in Sources */ = {isa = PBXBuildFile; fileRef = E2F56C6A25DCC17200AE3707 /* AppDelegate.swift */; };
		E2F56C6D25DCC17200AE3707 /* SceneDelegate.swift in Sources */ = {isa = PBXBuildFile; fileRef = E2F56C6C25DCC17200AE3707 /* SceneDelegate.swift */; };
		E2F56C6F25DCC17200AE3707 /* MoviesViewController.swift in Sources */ = {isa = PBXBuildFile; fileRef = E2F56C6E25DCC17200AE3707 /* MoviesViewController.swift */; };
		E2F56C7225DCC17200AE3707 /* Main.storyboard in Resources */ = {isa = PBXBuildFile; fileRef = E2F56C7025DCC17200AE3707 /* Main.storyboard */; };
		E2F56C7425DCC17300AE3707 /* Assets.xcassets in Resources */ = {isa = PBXBuildFile; fileRef = E2F56C7325DCC17300AE3707 /* Assets.xcassets */; };
		E2F56C7725DCC17300AE3707 /* LaunchScreen.storyboard in Resources */ = {isa = PBXBuildFile; fileRef = E2F56C7525DCC17300AE3707 /* LaunchScreen.storyboard */; };
		E2F56C8125DCCAED00AE3707 /* MovieCell.swift in Sources */ = {isa = PBXBuildFile; fileRef = E2F56C8025DCCAED00AE3707 /* MovieCell.swift */; };
/* End PBXBuildFile section */

/* Begin PBXFileReference section */
		BEE77A1C36926B09DEC837C6 /* Pods_Flix.framework */ = {isa = PBXFileReference; explicitFileType = wrapper.framework; includeInIndex = 0; path = Pods_Flix.framework; sourceTree = BUILT_PRODUCTS_DIR; };
		CF3EA02AC161890AC99EBF18 /* Pods-Flix.release.xcconfig */ = {isa = PBXFileReference; includeInIndex = 1; lastKnownFileType = text.xcconfig; name = "Pods-Flix.release.xcconfig"; path = "Target Support Files/Pods-Flix/Pods-Flix.release.xcconfig"; sourceTree = "<group>"; };
		E23ACBBB25E5F23900074220 /* MovieGridViewController.swift */ = {isa = PBXFileReference; lastKnownFileType = sourcecode.swift; path = MovieGridViewController.swift; sourceTree = "<group>"; };
		E2CD28CF25E5E951004B445C /* MovieDetailsViewController.swift */ = {isa = PBXFileReference; lastKnownFileType = sourcecode.swift; path = MovieDetailsViewController.swift; sourceTree = "<group>"; };
		E2F56C6725DCC17200AE3707 /* Flix.app */ = {isa = PBXFileReference; explicitFileType = wrapper.application; includeInIndex = 0; path = Flix.app; sourceTree = BUILT_PRODUCTS_DIR; };
		E2F56C6A25DCC17200AE3707 /* AppDelegate.swift */ = {isa = PBXFileReference; lastKnownFileType = sourcecode.swift; path = AppDelegate.swift; sourceTree = "<group>"; };
		E2F56C6C25DCC17200AE3707 /* SceneDelegate.swift */ = {isa = PBXFileReference; lastKnownFileType = sourcecode.swift; path = SceneDelegate.swift; sourceTree = "<group>"; };
		E2F56C6E25DCC17200AE3707 /* MoviesViewController.swift */ = {isa = PBXFileReference; lastKnownFileType = sourcecode.swift; path = MoviesViewController.swift; sourceTree = "<group>"; };
		E2F56C7125DCC17200AE3707 /* Base */ = {isa = PBXFileReference; lastKnownFileType = file.storyboard; name = Base; path = Base.lproj/Main.storyboard; sourceTree = "<group>"; };
		E2F56C7325DCC17300AE3707 /* Assets.xcassets */ = {isa = PBXFileReference; lastKnownFileType = folder.assetcatalog; path = Assets.xcassets; sourceTree = "<group>"; };
		E2F56C7625DCC17300AE3707 /* Base */ = {isa = PBXFileReference; lastKnownFileType = file.storyboard; name = Base; path = Base.lproj/LaunchScreen.storyboard; sourceTree = "<group>"; };
		E2F56C7825DCC17300AE3707 /* Info.plist */ = {isa = PBXFileReference; lastKnownFileType = text.plist.xml; path = Info.plist; sourceTree = "<group>"; };
		E2F56C8025DCCAED00AE3707 /* MovieCell.swift */ = {isa = PBXFileReference; lastKnownFileType = sourcecode.swift; path = MovieCell.swift; sourceTree = "<group>"; };
		EC10517F4BC6FC6D45D0BC02 /* Pods-Flix.debug.xcconfig */ = {isa = PBXFileReference; includeInIndex = 1; lastKnownFileType = text.xcconfig; name = "Pods-Flix.debug.xcconfig"; path = "Target Support Files/Pods-Flix/Pods-Flix.debug.xcconfig"; sourceTree = "<group>"; };
/* End PBXFileReference section */

/* Begin PBXFrameworksBuildPhase section */
		E2F56C6425DCC17200AE3707 /* Frameworks */ = {
			isa = PBXFrameworksBuildPhase;
			buildActionMask = 2147483647;
			files = (
				8B37AA430CA54E9C35BF1076 /* Pods_Flix.framework in Frameworks */,
			);
			runOnlyForDeploymentPostprocessing = 0;
		};
/* End PBXFrameworksBuildPhase section */

/* Begin PBXGroup section */
		09BCEF23BA03DD1DD6ACDD4F /* Frameworks */ = {
			isa = PBXGroup;
			children = (
				BEE77A1C36926B09DEC837C6 /* Pods_Flix.framework */,
			);
			name = Frameworks;
			sourceTree = "<group>";
		};
		7372E8D127440D31DFAB5901 /* Pods */ = {
			isa = PBXGroup;
			children = (
				EC10517F4BC6FC6D45D0BC02 /* Pods-Flix.debug.xcconfig */,
				CF3EA02AC161890AC99EBF18 /* Pods-Flix.release.xcconfig */,
			);
			path = Pods;
			sourceTree = "<group>";
		};
		E2F56C5E25DCC17200AE3707 = {
			isa = PBXGroup;
			children = (
				E2F56C6925DCC17200AE3707 /* Flix */,
				E2F56C6825DCC17200AE3707 /* Products */,
				7372E8D127440D31DFAB5901 /* Pods */,
				09BCEF23BA03DD1DD6ACDD4F /* Frameworks */,
			);
			sourceTree = "<group>";
		};
		E2F56C6825DCC17200AE3707 /* Products */ = {
			isa = PBXGroup;
			children = (
				E2F56C6725DCC17200AE3707 /* Flix.app */,
			);
			name = Products;
			sourceTree = "<group>";
		};
		E2F56C6925DCC17200AE3707 /* Flix */ = {
			isa = PBXGroup;
			children = (
				E2F56C6A25DCC17200AE3707 /* AppDelegate.swift */,
				E2F56C6C25DCC17200AE3707 /* SceneDelegate.swift */,
				E2F56C6E25DCC17200AE3707 /* MoviesViewController.swift */,
				E2CD28CF25E5E951004B445C /* MovieDetailsViewController.swift */,
				E2F56C7025DCC17200AE3707 /* Main.storyboard */,
				E23ACBBB25E5F23900074220 /* MovieGridViewController.swift */,
				E2F56C8025DCCAED00AE3707 /* MovieCell.swift */,
				E2F56C7325DCC17300AE3707 /* Assets.xcassets */,
				E2F56C7525DCC17300AE3707 /* LaunchScreen.storyboard */,
				E2F56C7825DCC17300AE3707 /* Info.plist */,
			);
			path = Flix;
			sourceTree = "<group>";
		};
/* End PBXGroup section */

/* Begin PBXNativeTarget section */
		E2F56C6625DCC17200AE3707 /* Flix */ = {
			isa = PBXNativeTarget;
			buildConfigurationList = E2F56C7B25DCC17300AE3707 /* Build configuration list for PBXNativeTarget "Flix" */;
			buildPhases = (
				D9FDEE0DD476F63136BDCD0C /* [CP] Check Pods Manifest.lock */,
				E2F56C6325DCC17200AE3707 /* Sources */,
				E2F56C6425DCC17200AE3707 /* Frameworks */,
				E2F56C6525DCC17200AE3707 /* Resources */,
				7E9227A393D39616C26F30BB /* [CP] Embed Pods Frameworks */,
			);
			buildRules = (
			);
			dependencies = (
			);
			name = Flix;
			productName = Flix;
			productReference = E2F56C6725DCC17200AE3707 /* Flix.app */;
			productType = "com.apple.product-type.application";
		};
/* End PBXNativeTarget section */

/* Begin PBXProject section */
		E2F56C5F25DCC17200AE3707 /* Project object */ = {
			isa = PBXProject;
			attributes = {
				LastSwiftUpdateCheck = 1240;
				LastUpgradeCheck = 1240;
				TargetAttributes = {
					E2F56C6625DCC17200AE3707 = {
						CreatedOnToolsVersion = 12.4;
					};
				};
			};
			buildConfigurationList = E2F56C6225DCC17200AE3707 /* Build configuration list for PBXProject "Flix" */;
			compatibilityVersion = "Xcode 9.3";
			developmentRegion = en;
			hasScannedForEncodings = 0;
			knownRegions = (
				en,
				Base,
			);
			mainGroup = E2F56C5E25DCC17200AE3707;
			productRefGroup = E2F56C6825DCC17200AE3707 /* Products */;
			projectDirPath = "";
			projectRoot = "";
			targets = (
				E2F56C6625DCC17200AE3707 /* Flix */,
			);
		};
/* End PBXProject section */

/* Begin PBXResourcesBuildPhase section */
		E2F56C6525DCC17200AE3707 /* Resources */ = {
			isa = PBXResourcesBuildPhase;
			buildActionMask = 2147483647;
			files = (
				E2F56C7725DCC17300AE3707 /* LaunchScreen.storyboard in Resources */,
				E2F56C7425DCC17300AE3707 /* Assets.xcassets in Resources */,
				E2F56C7225DCC17200AE3707 /* Main.storyboard in Resources */,
			);
			runOnlyForDeploymentPostprocessing = 0;
		};
/* End PBXResourcesBuildPhase section */

/* Begin PBXShellScriptBuildPhase section */
		7E9227A393D39616C26F30BB /* [CP] Embed Pods Frameworks */ = {
			isa = PBXShellScriptBuildPhase;
			buildActionMask = 2147483647;
			files = (
			);
			inputFileListPaths = (
				"${PODS_ROOT}/Target Support Files/Pods-Flix/Pods-Flix-frameworks-${CONFIGURATION}-input-files.xcfilelist",
			);
			name = "[CP] Embed Pods Frameworks";
			outputFileListPaths = (
				"${PODS_ROOT}/Target Support Files/Pods-Flix/Pods-Flix-frameworks-${CONFIGURATION}-output-files.xcfilelist",
			);
			runOnlyForDeploymentPostprocessing = 0;
			shellPath = /bin/sh;
			shellScript = "\"${PODS_ROOT}/Target Support Files/Pods-Flix/Pods-Flix-frameworks.sh\"\n";
			showEnvVarsInLog = 0;
		};
		D9FDEE0DD476F63136BDCD0C /* [CP] Check Pods Manifest.lock */ = {
			isa = PBXShellScriptBuildPhase;
			buildActionMask = 2147483647;
			files = (
			);
			inputFileListPaths = (
			);
			inputPaths = (
				"${PODS_PODFILE_DIR_PATH}/Podfile.lock",
				"${PODS_ROOT}/Manifest.lock",
			);
			name = "[CP] Check Pods Manifest.lock";
			outputFileListPaths = (
			);
			outputPaths = (
				"$(DERIVED_FILE_DIR)/Pods-Flix-checkManifestLockResult.txt",
			);
			runOnlyForDeploymentPostprocessing = 0;
			shellPath = /bin/sh;
			shellScript = "diff \"${PODS_PODFILE_DIR_PATH}/Podfile.lock\" \"${PODS_ROOT}/Manifest.lock\" > /dev/null\nif [ $? != 0 ] ; then\n    # print error to STDERR\n    echo \"error: The sandbox is not in sync with the Podfile.lock. Run 'pod install' or update your CocoaPods installation.\" >&2\n    exit 1\nfi\n# This output is used by Xcode 'outputs' to avoid re-running this script phase.\necho \"SUCCESS\" > \"${SCRIPT_OUTPUT_FILE_0}\"\n";
			showEnvVarsInLog = 0;
		};
/* End PBXShellScriptBuildPhase section */

/* Begin PBXSourcesBuildPhase section */
		E2F56C6325DCC17200AE3707 /* Sources */ = {
			isa = PBXSourcesBuildPhase;
			buildActionMask = 2147483647;
			files = (
				E2CD28D025E5E951004B445C /* MovieDetailsViewController.swift in Sources */,
				E2F56C6F25DCC17200AE3707 /* MoviesViewController.swift in Sources */,
				E2F56C6B25DCC17200AE3707 /* AppDelegate.swift in Sources */,
				E2F56C8125DCCAED00AE3707 /* MovieCell.swift in Sources */,
				E2F56C6D25DCC17200AE3707 /* SceneDelegate.swift in Sources */,
				E23ACBBC25E5F23900074220 /* MovieGridViewController.swift in Sources */,
			);
			runOnlyForDeploymentPostprocessing = 0;
		};
/* End PBXSourcesBuildPhase section */

/* Begin PBXVariantGroup section */
		E2F56C7025DCC17200AE3707 /* Main.storyboard */ = {
			isa = PBXVariantGroup;
			children = (
				E2F56C7125DCC17200AE3707 /* Base */,
			);
			name = Main.storyboard;
			sourceTree = "<group>";
		};
		E2F56C7525DCC17300AE3707 /* LaunchScreen.storyboard */ = {
			isa = PBXVariantGroup;
			children = (
				E2F56C7625DCC17300AE3707 /* Base */,
			);
			name = LaunchScreen.storyboard;
			sourceTree = "<group>";
		};
/* End PBXVariantGroup section */

/* Begin XCBuildConfiguration section */
		E2F56C7925DCC17300AE3707 /* Debug */ = {
			isa = XCBuildConfiguration;
			buildSettings = {
				ALWAYS_SEARCH_USER_PATHS = NO;
				CLANG_ANALYZER_NONNULL = YES;
				CLANG_ANALYZER_NUMBER_OBJECT_CONVERSION = YES_AGGRESSIVE;
				CLANG_CXX_LANGUAGE_STANDARD = "gnu++14";
				CLANG_CXX_LIBRARY = "libc++";
				CLANG_ENABLE_MODULES = YES;
				CLANG_ENABLE_OBJC_ARC = YES;
				CLANG_ENABLE_OBJC_WEAK = YES;
				CLANG_WARN_BLOCK_CAPTURE_AUTORELEASING = YES;
				CLANG_WARN_BOOL_CONVERSION = YES;
				CLANG_WARN_COMMA = YES;
				CLANG_WARN_CONSTANT_CONVERSION = YES;
				CLANG_WARN_DEPRECATED_OBJC_IMPLEMENTATIONS = YES;
				CLANG_WARN_DIRECT_OBJC_ISA_USAGE = YES_ERROR;
				CLANG_WARN_DOCUMENTATION_COMMENTS = YES;
				CLANG_WARN_EMPTY_BODY = YES;
				CLANG_WARN_ENUM_CONVERSION = YES;
				CLANG_WARN_INFINITE_RECURSION = YES;
				CLANG_WARN_INT_CONVERSION = YES;
				CLANG_WARN_NON_LITERAL_NULL_CONVERSION = YES;
				CLANG_WARN_OBJC_IMPLICIT_RETAIN_SELF = YES;
				CLANG_WARN_OBJC_LITERAL_CONVERSION = YES;
				CLANG_WARN_OBJC_ROOT_CLASS = YES_ERROR;
				CLANG_WARN_QUOTED_INCLUDE_IN_FRAMEWORK_HEADER = YES;
				CLANG_WARN_RANGE_LOOP_ANALYSIS = YES;
				CLANG_WARN_STRICT_PROTOTYPES = YES;
				CLANG_WARN_SUSPICIOUS_MOVE = YES;
				CLANG_WARN_UNGUARDED_AVAILABILITY = YES_AGGRESSIVE;
				CLANG_WARN_UNREACHABLE_CODE = YES;
				CLANG_WARN__DUPLICATE_METHOD_MATCH = YES;
				COPY_PHASE_STRIP = NO;
				DEBUG_INFORMATION_FORMAT = dwarf;
				ENABLE_STRICT_OBJC_MSGSEND = YES;
				ENABLE_TESTABILITY = YES;
				GCC_C_LANGUAGE_STANDARD = gnu11;
				GCC_DYNAMIC_NO_PIC = NO;
				GCC_NO_COMMON_BLOCKS = YES;
				GCC_OPTIMIZATION_LEVEL = 0;
				GCC_PREPROCESSOR_DEFINITIONS = (
					"DEBUG=1",
					"$(inherited)",
				);
				GCC_WARN_64_TO_32_BIT_CONVERSION = YES;
				GCC_WARN_ABOUT_RETURN_TYPE = YES_ERROR;
				GCC_WARN_UNDECLARED_SELECTOR = YES;
				GCC_WARN_UNINITIALIZED_AUTOS = YES_AGGRESSIVE;
				GCC_WARN_UNUSED_FUNCTION = YES;
				GCC_WARN_UNUSED_VARIABLE = YES;
				IPHONEOS_DEPLOYMENT_TARGET = 14.4;
				MTL_ENABLE_DEBUG_INFO = INCLUDE_SOURCE;
				MTL_FAST_MATH = YES;
				ONLY_ACTIVE_ARCH = YES;
				SDKROOT = iphoneos;
				SWIFT_ACTIVE_COMPILATION_CONDITIONS = DEBUG;
				SWIFT_OPTIMIZATION_LEVEL = "-Onone";
			};
			name = Debug;
		};
		E2F56C7A25DCC17300AE3707 /* Release */ = {
			isa = XCBuildConfiguration;
			buildSettings = {
				ALWAYS_SEARCH_USER_PATHS = NO;
				CLANG_ANALYZER_NONNULL = YES;
				CLANG_ANALYZER_NUMBER_OBJECT_CONVERSION = YES_AGGRESSIVE;
				CLANG_CXX_LANGUAGE_STANDARD = "gnu++14";
				CLANG_CXX_LIBRARY = "libc++";
				CLANG_ENABLE_MODULES = YES;
				CLANG_ENABLE_OBJC_ARC = YES;
				CLANG_ENABLE_OBJC_WEAK = YES;
				CLANG_WARN_BLOCK_CAPTURE_AUTORELEASING = YES;
				CLANG_WARN_BOOL_CONVERSION = YES;
				CLANG_WARN_COMMA = YES;
				CLANG_WARN_CONSTANT_CONVERSION = YES;
				CLANG_WARN_DEPRECATED_OBJC_IMPLEMENTATIONS = YES;
				CLANG_WARN_DIRECT_OBJC_ISA_USAGE = YES_ERROR;
				CLANG_WARN_DOCUMENTATION_COMMENTS = YES;
				CLANG_WARN_EMPTY_BODY = YES;
				CLANG_WARN_ENUM_CONVERSION = YES;
				CLANG_WARN_INFINITE_RECURSION = YES;
				CLANG_WARN_INT_CONVERSION = YES;
				CLANG_WARN_NON_LITERAL_NULL_CONVERSION = YES;
				CLANG_WARN_OBJC_IMPLICIT_RETAIN_SELF = YES;
				CLANG_WARN_OBJC_LITERAL_CONVERSION = YES;
				CLANG_WARN_OBJC_ROOT_CLASS = YES_ERROR;
				CLANG_WARN_QUOTED_INCLUDE_IN_FRAMEWORK_HEADER = YES;
				CLANG_WARN_RANGE_LOOP_ANALYSIS = YES;
				CLANG_WARN_STRICT_PROTOTYPES = YES;
				CLANG_WARN_SUSPICIOUS_MOVE = YES;
				CLANG_WARN_UNGUARDED_AVAILABILITY = YES_AGGRESSIVE;
				CLANG_WARN_UNREACHABLE_CODE = YES;
				CLANG_WARN__DUPLICATE_METHOD_MATCH = YES;
				COPY_PHASE_STRIP = NO;
				DEBUG_INFORMATION_FORMAT = "dwarf-with-dsym";
				ENABLE_NS_ASSERTIONS = NO;
				ENABLE_STRICT_OBJC_MSGSEND = YES;
				GCC_C_LANGUAGE_STANDARD = gnu11;
				GCC_NO_COMMON_BLOCKS = YES;
				GCC_WARN_64_TO_32_BIT_CONVERSION = YES;
				GCC_WARN_ABOUT_RETURN_TYPE = YES_ERROR;
				GCC_WARN_UNDECLARED_SELECTOR = YES;
				GCC_WARN_UNINITIALIZED_AUTOS = YES_AGGRESSIVE;
				GCC_WARN_UNUSED_FUNCTION = YES;
				GCC_WARN_UNUSED_VARIABLE = YES;
				IPHONEOS_DEPLOYMENT_TARGET = 14.4;
				MTL_ENABLE_DEBUG_INFO = NO;
				MTL_FAST_MATH = YES;
				SDKROOT = iphoneos;
				SWIFT_COMPILATION_MODE = wholemodule;
				SWIFT_OPTIMIZATION_LEVEL = "-O";
				VALIDATE_PRODUCT = YES;
			};
			name = Release;
		};
		E2F56C7C25DCC17300AE3707 /* Debug */ = {
			isa = XCBuildConfiguration;
			baseConfigurationReference = EC10517F4BC6FC6D45D0BC02 /* Pods-Flix.debug.xcconfig */;
			buildSettings = {
				ASSETCATALOG_COMPILER_APPICON_NAME = AppIcon;
				ASSETCATALOG_COMPILER_GLOBAL_ACCENT_COLOR_NAME = AccentColor;
				CODE_SIGN_STYLE = Automatic;
				DEVELOPMENT_TEAM = WJC52U7SSP;
				INFOPLIST_FILE = Flix/Info.plist;
				LD_RUNPATH_SEARCH_PATHS = (
					"$(inherited)",
					"@executable_path/Frameworks",
				);
				PRODUCT_BUNDLE_IDENTIFIER = com.myatthuko.Flix;
				PRODUCT_NAME = "$(TARGET_NAME)";
				SWIFT_VERSION = 5.0;
				TARGETED_DEVICE_FAMILY = "1,2";
			};
			name = Debug;
		};
		E2F56C7D25DCC17300AE3707 /* Release */ = {
			isa = XCBuildConfiguration;
			baseConfigurationReference = CF3EA02AC161890AC99EBF18 /* Pods-Flix.release.xcconfig */;
			buildSettings = {
				ASSETCATALOG_COMPILER_APPICON_NAME = AppIcon;
				ASSETCATALOG_COMPILER_GLOBAL_ACCENT_COLOR_NAME = AccentColor;
				CODE_SIGN_STYLE = Automatic;
				DEVELOPMENT_TEAM = WJC52U7SSP;
				INFOPLIST_FILE = Flix/Info.plist;
				LD_RUNPATH_SEARCH_PATHS = (
					"$(inherited)",
					"@executable_path/Frameworks",
				);
				PRODUCT_BUNDLE_IDENTIFIER = com.myatthuko.Flix;
				PRODUCT_NAME = "$(TARGET_NAME)";
				SWIFT_VERSION = 5.0;
				TARGETED_DEVICE_FAMILY = "1,2";
			};
			name = Release;
		};
/* End XCBuildConfiguration section */

/* Begin XCConfigurationList section */
		E2F56C6225DCC17200AE3707 /* Build configuration list for PBXProject "Flix" */ = {
			isa = XCConfigurationList;
			buildConfigurations = (
				E2F56C7925DCC17300AE3707 /* Debug */,
				E2F56C7A25DCC17300AE3707 /* Release */,
			);
			defaultConfigurationIsVisible = 0;
			defaultConfigurationName = Release;
		};
		E2F56C7B25DCC17300AE3707 /* Build configuration list for PBXNativeTarget "Flix" */ = {
			isa = XCConfigurationList;
			buildConfigurations = (
				E2F56C7C25DCC17300AE3707 /* Debug */,
				E2F56C7D25DCC17300AE3707 /* Release */,
			);
			defaultConfigurationIsVisible = 0;
			defaultConfigurationName = Release;
		};
/* End XCConfigurationList section */
	};
	rootObject = E2F56C5F25DCC17200AE3707 /* Project object */;
}
